
Microsoft Visual Studio Solution File, Format Version 12.00
# Visual Studio 15
VisualStudioVersion = 15.0.27004.2009
MinimumVisualStudioVersion = 10.0.40219.1
Project("{FAE04EC0-301F-11D3-BF4B-00C04F79EFBC}") = "TribalWars", "TribalWars\TribalWars.csproj", "{1D34F19B-9011-48B1-B055-25187973F926}"
EndProject
Global
	GlobalSection(SolutionConfigurationPlatforms) = preSolution
		Debug|Any CPU = Debug|Any CPU
		Release|Any CPU = Release|Any CPU
	EndGlobalSection
	GlobalSection(ProjectConfigurationPlatforms) = postSolution
		{1D34F19B-9011-48B1-B055-25187973F926}.Debug|Any CPU.ActiveCfg = Debug|Any CPU
		{1D34F19B-9011-48B1-B055-25187973F926}.Debug|Any CPU.Build.0 = Debug|Any CPU
		{1D34F19B-9011-48B1-B055-25187973F926}.Release|Any CPU.ActiveCfg = Release|Any CPU
		{1D34F19B-9011-48B1-B055-25187973F926}.Release|Any CPU.Build.0 = Release|Any CPU
	EndGlobalSection
	GlobalSection(SolutionProperties) = preSolution
		HideSolutionNode = FALSE
	EndGlobalSection
	GlobalSection(ExtensibilityGlobals) = postSolution
		SolutionGuid = {11BB9FF9-7BC0-490D-AD30-50FF7AC8F814}
	EndGlobalSection
EndGlobal
